
Microsoft Visual Studio Solution File, Format Version 12.00
# Visual Studio Version 16
VisualStudioVersion = 16.0.31410.357
MinimumVisualStudioVersion = 10.0.40219.1
Project("{9A19103F-16F7-4668-BE54-9A1E7A4F7556}") = "JetSnail.InventorLibraryManager.UseCase", "JetSnail.InventorLibraryManager.UseCase\JetSnail.InventorLibraryManager.UseCase.csproj", "{AD317E52-ED0F-4998-B32A-FE6A5D5CB81E}"
EndProject
Project("{9A19103F-16F7-4668-BE54-9A1E7A4F7556}") = "JetSnail.InventorLibraryManager.Core", "JetSnail.InventorLibraryManager.Core\JetSnail.InventorLibraryManager.Core.csproj", "{0E2E22BB-CE1B-40BA-9F2A-BE28E5A5743F}"
EndProject
Project("{9A19103F-16F7-4668-BE54-9A1E7A4F7556}") = "JetSnail.InventorLibraryManager.Service.WebAPI", "JetSnail.InventorLibraryManager.Service.WebAPI\JetSnail.InventorLibraryManager.Service.WebAPI.csproj", "{B12E94A2-BF9C-4226-BE86-91E7B8F245F8}"
EndProject
Project("{9A19103F-16F7-4668-BE54-9A1E7A4F7556}") = "JetSnail.InventorLibraryManager.Data", "JetSnail.InventorLibraryManager.Data\JetSnail.InventorLibraryManager.Data.csproj", "{E0016ECD-1C8A-4E0E-9F76-4DECA9AE0AC0}"
EndProject
Project("{9A19103F-16F7-4668-BE54-9A1E7A4F7556}") = "JetSnail.InventorLibraryManager.Service", "JetSnail.InventorLibraryManager.Service\JetSnail.InventorLibraryManager.Service.csproj", "{6EB5E3CA-B3A5-42C9-A71E-5B43877D671C}"
EndProject
Global
	GlobalSection(SolutionConfigurationPlatforms) = preSolution
		Debug|Any CPU = Debug|Any CPU
		Release|Any CPU = Release|Any CPU
	EndGlobalSection
	GlobalSection(ProjectConfigurationPlatforms) = postSolution
		{AD317E52-ED0F-4998-B32A-FE6A5D5CB81E}.Debug|Any CPU.ActiveCfg = Debug|Any CPU
		{AD317E52-ED0F-4998-B32A-FE6A5D5CB81E}.Debug|Any CPU.Build.0 = Debug|Any CPU
		{AD317E52-ED0F-4998-B32A-FE6A5D5CB81E}.Release|Any CPU.ActiveCfg = Release|Any CPU
		{AD317E52-ED0F-4998-B32A-FE6A5D5CB81E}.Release|Any CPU.Build.0 = Release|Any CPU
		{0E2E22BB-CE1B-40BA-9F2A-BE28E5A5743F}.Debug|Any CPU.ActiveCfg = Debug|Any CPU
		{0E2E22BB-CE1B-40BA-9F2A-BE28E5A5743F}.Debug|Any CPU.Build.0 = Debug|Any CPU
		{0E2E22BB-CE1B-40BA-9F2A-BE28E5A5743F}.Release|Any CPU.ActiveCfg = Release|Any CPU
		{0E2E22BB-CE1B-40BA-9F2A-BE28E5A5743F}.Release|Any CPU.Build.0 = Release|Any CPU
		{B12E94A2-BF9C-4226-BE86-91E7B8F245F8}.Debug|Any CPU.ActiveCfg = Debug|Any CPU
		{B12E94A2-BF9C-4226-BE86-91E7B8F245F8}.Debug|Any CPU.Build.0 = Debug|Any CPU
		{B12E94A2-BF9C-4226-BE86-91E7B8F245F8}.Release|Any CPU.ActiveCfg = Release|Any CPU
		{B12E94A2-BF9C-4226-BE86-91E7B8F245F8}.Release|Any CPU.Build.0 = Release|Any CPU
		{E0016ECD-1C8A-4E0E-9F76-4DECA9AE0AC0}.Debug|Any CPU.ActiveCfg = Debug|Any CPU
		{E0016ECD-1C8A-4E0E-9F76-4DECA9AE0AC0}.Debug|Any CPU.Build.0 = Debug|Any CPU
		{E0016ECD-1C8A-4E0E-9F76-4DECA9AE0AC0}.Release|Any CPU.ActiveCfg = Release|Any CPU
		{E0016ECD-1C8A-4E0E-9F76-4DECA9AE0AC0}.Release|Any CPU.Build.0 = Release|Any CPU
		{6EB5E3CA-B3A5-42C9-A71E-5B43877D671C}.Debug|Any CPU.ActiveCfg = Debug|Any CPU
		{6EB5E3CA-B3A5-42C9-A71E-5B43877D671C}.Debug|Any CPU.Build.0 = Debug|Any CPU
		{6EB5E3CA-B3A5-42C9-A71E-5B43877D671C}.Release|Any CPU.ActiveCfg = Release|Any CPU
		{6EB5E3CA-B3A5-42C9-A71E-5B43877D671C}.Release|Any CPU.Build.0 = Release|Any CPU
	EndGlobalSection
	GlobalSection(SolutionProperties) = preSolution
		HideSolutionNode = FALSE
	EndGlobalSection
	GlobalSection(ExtensibilityGlobals) = postSolution
		SolutionGuid = {AE2FCEE4-7588-4F6A-809A-7544CC79ED00}
	EndGlobalSection
EndGlobal
